
Microsoft Visual Studio Solution File, Format Version 12.00
# Visual Studio Version 17
VisualStudioVersion = 17.14.36301.6 d17.14
MinimumVisualStudioVersion = 10.0.40219.1
Project("{8BC9CEB8-8B4A-11D0-8D11-00A0C91BC942}") = "ChessCore", "ChessCore\ChessCore.vcxproj", "{60ACEB85-6B93-4AC5-A0C4-897AFDAB7E58}"
EndProject
Project("{2150E333-8FDC-42A3-9474-1A3956D46DE8}") = "Solution Items", "Solution Items", "{8EC462FD-D22E-90A8-E5CE-7E832BA40C5D}"
	ProjectSection(SolutionItems) = preProject
		Solution Items\Plan.txt = Solution Items\Plan.txt
	EndProjectSection
EndProject
Project("{8BC9CEB8-8B4A-11D0-8D11-00A0C91BC942}") = "ChessCore.Test", "ChessCore.Test\ChessCore.Test.vcxproj", "{83D736B7-3989-4229-ADEC-66F53EB3FF0D}"
EndProject
Global
	GlobalSection(SolutionConfigurationPlatforms) = preSolution
		Debug|x64 = Debug|x64
		Debug|x86 = Debug|x86
		Release|x64 = Release|x64
		Release|x86 = Release|x86
	EndGlobalSection
	GlobalSection(ProjectConfigurationPlatforms) = postSolution
		{60ACEB85-6B93-4AC5-A0C4-897AFDAB7E58}.Debug|x64.ActiveCfg = Debug|x64
		{60ACEB85-6B93-4AC5-A0C4-897AFDAB7E58}.Debug|x64.Build.0 = Debug|x64
		{60ACEB85-6B93-4AC5-A0C4-897AFDAB7E58}.Debug|x86.ActiveCfg = Debug|Win32
		{60ACEB85-6B93-4AC5-A0C4-897AFDAB7E58}.Debug|x86.Build.0 = Debug|Win32
		{60ACEB85-6B93-4AC5-A0C4-897AFDAB7E58}.Release|x64.ActiveCfg = Release|x64
		{60ACEB85-6B93-4AC5-A0C4-897AFDAB7E58}.Release|x64.Build.0 = Release|x64
		{60ACEB85-6B93-4AC5-A0C4-897AFDAB7E58}.Release|x86.ActiveCfg = Release|Win32
		{60ACEB85-6B93-4AC5-A0C4-897AFDAB7E58}.Release|x86.Build.0 = Release|Win32
		{83D736B7-3989-4229-ADEC-66F53EB3FF0D}.Debug|x64.ActiveCfg = Debug|x64
		{83D736B7-3989-4229-ADEC-66F53EB3FF0D}.Debug|x64.Build.0 = Debug|x64
		{83D736B7-3989-4229-ADEC-66F53EB3FF0D}.Debug|x86.ActiveCfg = Debug|Win32
		{83D736B7-3989-4229-ADEC-66F53EB3FF0D}.Debug|x86.Build.0 = Debug|Win32
		{83D736B7-3989-4229-ADEC-66F53EB3FF0D}.Release|x64.ActiveCfg = Release|x64
		{83D736B7-3989-4229-ADEC-66F53EB3FF0D}.Release|x64.Build.0 = Release|x64
		{83D736B7-3989-4229-ADEC-66F53EB3FF0D}.Release|x86.ActiveCfg = Release|Win32
		{83D736B7-3989-4229-ADEC-66F53EB3FF0D}.Release|x86.Build.0 = Release|Win32
	EndGlobalSection
	GlobalSection(SolutionProperties) = preSolution
		HideSolutionNode = FALSE
	EndGlobalSection
	GlobalSection(ExtensibilityGlobals) = postSolution
		SolutionGuid = {0FC7E171-6725-4CDA-B92B-E0D79BADDD75}
	EndGlobalSection
EndGlobal
